// !$*UTF8*$!
{
	archiveVersion = 1;
	classes = {
	};
	objectVersion = 46;
	objects = {

/* Begin PBXBuildFile section */
		52DD7F831B9DEA0D001257DD /* main.m in Sources */ = {isa = PBXBuildFile; fileRef = 52DD7F821B9DEA0D001257DD /* main.m */; };
		52DD7F861B9DEA0D001257DD /* AppDelegate.m in Sources */ = {isa = PBXBuildFile; fileRef = 52DD7F851B9DEA0D001257DD /* AppDelegate.m */; };
		52DD7F891B9DEA0D001257DD /* ViewController.mm in Sources */ = {isa = PBXBuildFile; fileRef = 52DD7F881B9DEA0D001257DD /* ViewController.mm */; };
		52DD7F8C1B9DEA0D001257DD /* Main.storyboard in Resources */ = {isa = PBXBuildFile; fileRef = 52DD7F8A1B9DEA0D001257DD /* Main.storyboard */; };
		52DD7F8E1B9DEA0D001257DD /* Images.xcassets in Resources */ = {isa = PBXBuildFile; fileRef = 52DD7F8D1B9DEA0D001257DD /* Images.xcassets */; };
		52DD7F911B9DEA0D001257DD /* LaunchScreen.xib in Resources */ = {isa = PBXBuildFile; fileRef = 52DD7F8F1B9DEA0D001257DD /* LaunchScreen.xib */; };
		52DD7F9D1B9DEA0D001257DD /* Intro_iOS_OpenCVTests.m in Sources */ = {isa = PBXBuildFile; fileRef = 52DD7F9C1B9DEA0D001257DD /* Intro_iOS_OpenCVTests.m */; };
		52DD7FA71B9DEA20001257DD /* opencv2.framework in Frameworks */ = {isa = PBXBuildFile; fileRef = 52DD7FA61B9DEA20001257DD /* opencv2.framework */; };
		52DD7FA91B9DEA2E001257DD /* lena.png in Resources */ = {isa = PBXBuildFile; fileRef = 52DD7FA81B9DEA2E001257DD /* lena.png */; };
/* End PBXBuildFile section */

/* Begin PBXContainerItemProxy section */
		52DD7F971B9DEA0D001257DD /* PBXContainerItemProxy */ = {
			isa = PBXContainerItemProxy;
			containerPortal = 52DD7F751B9DEA0D001257DD /* Project object */;
			proxyType = 1;
			remoteGlobalIDString = 52DD7F7C1B9DEA0D001257DD;
			remoteInfo = Intro_iOS_OpenCV;
		};
/* End PBXContainerItemProxy section */

/* Begin PBXFileReference section */
		52DD7F7D1B9DEA0D001257DD /* Intro_iOS_OpenCV.app */ = {isa = PBXFileReference; explicitFileType = wrapper.application; includeInIndex = 0; path = Intro_iOS_OpenCV.app; sourceTree = BUILT_PRODUCTS_DIR; };
		52DD7F811B9DEA0D001257DD /* Info.plist */ = {isa = PBXFileReference; lastKnownFileType = text.plist.xml; path = Info.plist; sourceTree = "<group>"; };
		52DD7F821B9DEA0D001257DD /* main.m */ = {isa = PBXFileReference; lastKnownFileType = sourcecode.c.objc; path = main.m; sourceTree = "<group>"; };
		52DD7F841B9DEA0D001257DD /* AppDelegate.h */ = {isa = PBXFileReference; lastKnownFileType = sourcecode.c.h; path = AppDelegate.h; sourceTree = "<group>"; };
		52DD7F851B9DEA0D001257DD /* AppDelegate.m */ = {isa = PBXFileReference; lastKnownFileType = sourcecode.c.objc; path = AppDelegate.m; sourceTree = "<group>"; };
		52DD7F871B9DEA0D001257DD /* ViewController.h */ = {isa = PBXFileReference; lastKnownFileType = sourcecode.c.h; path = ViewController.h; sourceTree = "<group>"; };
		52DD7F881B9DEA0D001257DD /* ViewController.mm */ = {isa = PBXFileReference; lastKnownFileType = sourcecode.cpp.objcpp; path = ViewController.mm; sourceTree = "<group>"; };
		52DD7F8B1B9DEA0D001257DD /* Base */ = {isa = PBXFileReference; lastKnownFileType = file.storyboard; name = Base; path = Base.lproj/Main.storyboard; sourceTree = "<group>"; };
		52DD7F8D1B9DEA0D001257DD /* Images.xcassets */ = {isa = PBXFileReference; lastKnownFileType = folder.assetcatalog; path = Images.xcassets; sourceTree = "<group>"; };
		52DD7F901B9DEA0D001257DD /* Base */ = {isa = PBXFileReference; lastKnownFileType = file.xib; name = Base; path = Base.lproj/LaunchScreen.xib; sourceTree = "<group>"; };
		52DD7F961B9DEA0D001257DD /* Intro_iOS_OpenCVTests.xctest */ = {isa = PBXFileReference; explicitFileType = wrapper.cfbundle; includeInIndex = 0; path = Intro_iOS_OpenCVTests.xctest; sourceTree = BUILT_PRODUCTS_DIR; };
		52DD7F9B1B9DEA0D001257DD /* Info.plist */ = {isa = PBXFileReference; lastKnownFileType = text.plist.xml; path = Info.plist; sourceTree = "<group>"; };
		52DD7F9C1B9DEA0D001257DD /* Intro_iOS_OpenCVTests.m */ = {isa = PBXFileReference; lastKnownFileType = sourcecode.c.objc; path = Intro_iOS_OpenCVTests.m; sourceTree = "<group>"; };
		52DD7FA61B9DEA20001257DD /* opencv2.framework */ = {isa = PBXFileReference; lastKnownFileType = wrapper.framework; path = opencv2.framework; sourceTree = "<group>"; };
		52DD7FA81B9DEA2E001257DD /* lena.png */ = {isa = PBXFileReference; lastKnownFileType = image.png; path = lena.png; sourceTree = "<group>"; };
/* End PBXFileReference section */

/* Begin PBXFrameworksBuildPhase section */
		52DD7F7A1B9DEA0D001257DD /* Frameworks */ = {
			isa = PBXFrameworksBuildPhase;
			buildActionMask = 2147483647;
			files = (
				52DD7FA71B9DEA20001257DD /* opencv2.framework in Frameworks */,
			);
			runOnlyForDeploymentPostprocessing = 0;
		};
		52DD7F931B9DEA0D001257DD /* Frameworks */ = {
			isa = PBXFrameworksBuildPhase;
			buildActionMask = 2147483647;
			files = (
			);
			runOnlyForDeploymentPostprocessing = 0;
		};
/* End PBXFrameworksBuildPhase section */

/* Begin PBXGroup section */
		52DD7F741B9DEA0D001257DD = {
			isa = PBXGroup;
			children = (
				52DD7FA61B9DEA20001257DD /* opencv2.framework */,
				52DD7F7F1B9DEA0D001257DD /* Intro_iOS_OpenCV */,
				52DD7F991B9DEA0D001257DD /* Intro_iOS_OpenCVTests */,
				52DD7F7E1B9DEA0D001257DD /* Products */,
			);
			sourceTree = "<group>";
		};
		52DD7F7E1B9DEA0D001257DD /* Products */ = {
			isa = PBXGroup;
			children = (
				52DD7F7D1B9DEA0D001257DD /* Intro_iOS_OpenCV.app */,
				52DD7F961B9DEA0D001257DD /* Intro_iOS_OpenCVTests.xctest */,
			);
			name = Products;
			sourceTree = "<group>";
		};
		52DD7F7F1B9DEA0D001257DD /* Intro_iOS_OpenCV */ = {
			isa = PBXGroup;
			children = (
				52DD7F841B9DEA0D001257DD /* AppDelegate.h */,
				52DD7F851B9DEA0D001257DD /* AppDelegate.m */,
				52DD7F871B9DEA0D001257DD /* ViewController.h */,
				52DD7F881B9DEA0D001257DD /* ViewController.mm */,
				52DD7F8A1B9DEA0D001257DD /* Main.storyboard */,
				52DD7F8D1B9DEA0D001257DD /* Images.xcassets */,
				52DD7F8F1B9DEA0D001257DD /* LaunchScreen.xib */,
				52DD7F801B9DEA0D001257DD /* Supporting Files */,
			);
			path = Intro_iOS_OpenCV;
			sourceTree = "<group>";
		};
		52DD7F801B9DEA0D001257DD /* Supporting Files */ = {
			isa = PBXGroup;
			children = (
				52DD7FA81B9DEA2E001257DD /* lena.png */,
				52DD7F811B9DEA0D001257DD /* Info.plist */,
				52DD7F821B9DEA0D001257DD /* main.m */,
			);
			name = "Supporting Files";
			sourceTree = "<group>";
		};
		52DD7F991B9DEA0D001257DD /* Intro_iOS_OpenCVTests */ = {
			isa = PBXGroup;
			children = (
				52DD7F9C1B9DEA0D001257DD /* Intro_iOS_OpenCVTests.m */,
				52DD7F9A1B9DEA0D001257DD /* Supporting Files */,
			);
			path = Intro_iOS_OpenCVTests;
			sourceTree = "<group>";
		};
		52DD7F9A1B9DEA0D001257DD /* Supporting Files */ = {
			isa = PBXGroup;
			children = (
				52DD7F9B1B9DEA0D001257DD /* Info.plist */,
			);
			name = "Supporting Files";
			sourceTree = "<group>";
		};
/* End PBXGroup section */

/* Begin PBXNativeTarget section */
		52DD7F7C1B9DEA0D001257DD /* Intro_iOS_OpenCV */ = {
			isa = PBXNativeTarget;
			buildConfigurationList = 52DD7FA01B9DEA0D001257DD /* Build configuration list for PBXNativeTarget "Intro_iOS_OpenCV" */;
			buildPhases = (
				52DD7F791B9DEA0D001257DD /* Sources */,
				52DD7F7A1B9DEA0D001257DD /* Frameworks */,
				52DD7F7B1B9DEA0D001257DD /* Resources */,
			);
			buildRules = (
			);
			dependencies = (
			);
			name = Intro_iOS_OpenCV;
			productName = Intro_iOS_OpenCV;
			productReference = 52DD7F7D1B9DEA0D001257DD /* Intro_iOS_OpenCV.app */;
			productType = "com.apple.product-type.application";
		};
		52DD7F951B9DEA0D001257DD /* Intro_iOS_OpenCVTests */ = {
			isa = PBXNativeTarget;
			buildConfigurationList = 52DD7FA31B9DEA0D001257DD /* Build configuration list for PBXNativeTarget "Intro_iOS_OpenCVTests" */;
			buildPhases = (
				52DD7F921B9DEA0D001257DD /* Sources */,
				52DD7F931B9DEA0D001257DD /* Frameworks */,
				52DD7F941B9DEA0D001257DD /* Resources */,
			);
			buildRules = (
			);
			dependencies = (
				52DD7F981B9DEA0D001257DD /* PBXTargetDependency */,
			);
			name = Intro_iOS_OpenCVTests;
			productName = Intro_iOS_OpenCVTests;
			productReference = 52DD7F961B9DEA0D001257DD /* Intro_iOS_OpenCVTests.xctest */;
			productType = "com.apple.product-type.bundle.unit-test";
		};
/* End PBXNativeTarget section */

/* Begin PBXProject section */
		52DD7F751B9DEA0D001257DD /* Project object */ = {
			isa = PBXProject;
			attributes = {
				LastUpgradeCheck = 0640;
				ORGANIZATIONNAME = CMU_16432;
				TargetAttributes = {
					52DD7F7C1B9DEA0D001257DD = {
						CreatedOnToolsVersion = 6.4;
					};
					52DD7F951B9DEA0D001257DD = {
						CreatedOnToolsVersion = 6.4;
						TestTargetID = 52DD7F7C1B9DEA0D001257DD;
					};
				};
			};
			buildConfigurationList = 52DD7F781B9DEA0D001257DD /* Build configuration list for PBXProject "Intro_iOS_OpenCV" */;
			compatibilityVersion = "Xcode 3.2";
			developmentRegion = English;
			hasScannedForEncodings = 0;
			knownRegions = (
				en,
				Base,
			);
			mainGroup = 52DD7F741B9DEA0D001257DD;
			productRefGroup = 52DD7F7E1B9DEA0D001257DD /* Products */;
			projectDirPath = "";
			projectRoot = "";
			targets = (
				52DD7F7C1B9DEA0D001257DD /* Intro_iOS_OpenCV */,
				52DD7F951B9DEA0D001257DD /* Intro_iOS_OpenCVTests */,
			);
		};
/* End PBXProject section */

/* Begin PBXResourcesBuildPhase section */
		52DD7F7B1B9DEA0D001257DD /* Resources */ = {
			isa = PBXResourcesBuildPhase;
			buildActionMask = 2147483647;
			files = (
				52DD7F8C1B9DEA0D001257DD /* Main.storyboard in Resources */,
				52DD7F911B9DEA0D001257DD /* LaunchScreen.xib in Resources */,
				52DD7F8E1B9DEA0D001257DD /* Images.xcassets in Resources */,
				52DD7FA91B9DEA2E001257DD /* lena.png in Resources */,
			);
			runOnlyForDeploymentPostprocessing = 0;
		};
		52DD7F941B9DEA0D001257DD /* Resources */ = {
			isa = PBXResourcesBuildPhase;
			buildActionMask = 2147483647;
			files = (
			);
			runOnlyForDeploymentPostprocessing = 0;
		};
/* End PBXResourcesBuildPhase section */

/* Begin PBXSourcesBuildPhase section */
		52DD7F791B9DEA0D001257DD /* Sources */ = {
			isa = PBXSourcesBuildPhase;
			buildActionMask = 2147483647;
			files = (
				52DD7F891B9DEA0D001257DD /* ViewController.mm in Sources */,
				52DD7F861B9DEA0D001257DD /* AppDelegate.m in Sources */,
				52DD7F831B9DEA0D001257DD /* main.m in Sources */,
			);
			runOnlyForDeploymentPostprocessing = 0;
		};
		52DD7F921B9DEA0D001257DD /* Sources */ = {
			isa = PBXSourcesBuildPhase;
			buildActionMask = 2147483647;
			files = (
				52DD7F9D1B9DEA0D001257DD /* Intro_iOS_OpenCVTests.m in Sources */,
			);
			runOnlyForDeploymentPostprocessing = 0;
		};
/* End PBXSourcesBuildPhase section */

/* Begin PBXTargetDependency section */
		52DD7F981B9DEA0D001257DD /* PBXTargetDependency */ = {
			isa = PBXTargetDependency;
			target = 52DD7F7C1B9DEA0D001257DD /* Intro_iOS_OpenCV */;
			targetProxy = 52DD7F971B9DEA0D001257DD /* PBXContainerItemProxy */;
		};
/* End PBXTargetDependency section */

/* Begin PBXVariantGroup section */
		52DD7F8A1B9DEA0D001257DD /* Main.storyboard */ = {
			isa = PBXVariantGroup;
			children = (
				52DD7F8B1B9DEA0D001257DD /* Base */,
			);
			name = Main.storyboard;
			sourceTree = "<group>";
		};
		52DD7F8F1B9DEA0D001257DD /* LaunchScreen.xib */ = {
			isa = PBXVariantGroup;
			children = (
				52DD7F901B9DEA0D001257DD /* Base */,
			);
			name = LaunchScreen.xib;
			sourceTree = "<group>";
		};
/* End PBXVariantGroup section */

/* Begin XCBuildConfiguration section */
		52DD7F9E1B9DEA0D001257DD /* Debug */ = {
			isa = XCBuildConfiguration;
			buildSettings = {
				ALWAYS_SEARCH_USER_PATHS = NO;
				CLANG_CXX_LANGUAGE_STANDARD = "gnu++0x";
				CLANG_CXX_LIBRARY = "libc++";
				CLANG_ENABLE_MODULES = YES;
				CLANG_ENABLE_OBJC_ARC = YES;
				CLANG_WARN_BOOL_CONVERSION = YES;
				CLANG_WARN_CONSTANT_CONVERSION = YES;
				CLANG_WARN_DIRECT_OBJC_ISA_USAGE = YES_ERROR;
				CLANG_WARN_EMPTY_BODY = YES;
				CLANG_WARN_ENUM_CONVERSION = YES;
				CLANG_WARN_INT_CONVERSION = YES;
				CLANG_WARN_OBJC_ROOT_CLASS = YES_ERROR;
				CLANG_WARN_UNREACHABLE_CODE = YES;
				CLANG_WARN__DUPLICATE_METHOD_MATCH = YES;
				"CODE_SIGN_IDENTITY[sdk=iphoneos*]" = "iPhone Developer";
				COPY_PHASE_STRIP = NO;
				DEBUG_INFORMATION_FORMAT = "dwarf-with-dsym";
				ENABLE_STRICT_OBJC_MSGSEND = YES;
				GCC_C_LANGUAGE_STANDARD = gnu99;
				GCC_DYNAMIC_NO_PIC = NO;
				GCC_NO_COMMON_BLOCKS = YES;
				GCC_OPTIMIZATION_LEVEL = 0;
				GCC_PREPROCESSOR_DEFINITIONS = (
					"DEBUG=1",
					"$(inherited)",
				);
				GCC_SYMBOLS_PRIVATE_EXTERN = NO;
				GCC_WARN_64_TO_32_BIT_CONVERSION = YES;
				GCC_WARN_ABOUT_RETURN_TYPE = YES_ERROR;
				GCC_WARN_UNDECLARED_SELECTOR = YES;
				GCC_WARN_UNINITIALIZED_AUTOS = YES_AGGRESSIVE;
				GCC_WARN_UNUSED_FUNCTION = YES;
				GCC_WARN_UNUSED_VARIABLE = YES;
				IPHONEOS_DEPLOYMENT_TARGET = 8.4;
				MTL_ENABLE_DEBUG_INFO = YES;
				ONLY_ACTIVE_ARCH = YES;
				SDKROOT = iphoneos;
				TARGETED_DEVICE_FAMILY = "1,2";
			};
			name = Debug;
		};
		52DD7F9F1B9DEA0D001257DD /* Release */ = {
			isa = XCBuildConfiguration;
			buildSettings = {
				ALWAYS_SEARCH_USER_PATHS = NO;
				CLANG_CXX_LANGUAGE_STANDARD = "gnu++0x";
				CLANG_CXX_LIBRARY = "libc++";
				CLANG_ENABLE_MODULES = YES;
				CLANG_ENABLE_OBJC_ARC = YES;
				CLANG_WARN_BOOL_CONVERSION = YES;
				CLANG_WARN_CONSTANT_CONVERSION = YES;
				CLANG_WARN_DIRECT_OBJC_ISA_USAGE = YES_ERROR;
				CLANG_WARN_EMPTY_BODY = YES;
				CLANG_WARN_ENUM_CONVERSION = YES;
				CLANG_WARN_INT_CONVERSION = YES;
				CLANG_WARN_OBJC_ROOT_CLASS = YES_ERROR;
				CLANG_WARN_UNREACHABLE_CODE = YES;
				CLANG_WARN__DUPLICATE_METHOD_MATCH = YES;
				"CODE_SIGN_IDENTITY[sdk=iphoneos*]" = "iPhone Developer";
				COPY_PHASE_STRIP = NO;
				DEBUG_INFORMATION_FORMAT = "dwarf-with-dsym";
				ENABLE_NS_ASSERTIONS = NO;
				ENABLE_STRICT_OBJC_MSGSEND = YES;
				GCC_C_LANGUAGE_STANDARD = gnu99;
				GCC_NO_COMMON_BLOCKS = YES;
				GCC_WARN_64_TO_32_BIT_CONVERSION = YES;
				GCC_WARN_ABOUT_RETURN_TYPE = YES_ERROR;
				GCC_WARN_UNDECLARED_SELECTOR = YES;
				GCC_WARN_UNINITIALIZED_AUTOS = YES_AGGRESSIVE;
				GCC_WARN_UNUSED_FUNCTION = YES;
				GCC_WARN_UNUSED_VARIABLE = YES;
				IPHONEOS_DEPLOYMENT_TARGET = 8.4;
				MTL_ENABLE_DEBUG_INFO = NO;
				SDKROOT = iphoneos;
				TARGETED_DEVICE_FAMILY = "1,2";
				VALIDATE_PRODUCT = YES;
			};
			name = Release;
		};
		52DD7FA11B9DEA0D001257DD /* Debug */ = {
			isa = XCBuildConfiguration;
			buildSettings = {
				ASSETCATALOG_COMPILER_APPICON_NAME = AppIcon;
				FRAMEWORK_SEARCH_PATHS = (
					"$(inherited)",
					"$(PROJECT_DIR)",
				);
				INFOPLIST_FILE = Intro_iOS_OpenCV/Info.plist;
				LD_RUNPATH_SEARCH_PATHS = "$(inherited) @executable_path/Frameworks";
				PRODUCT_NAME = "$(TARGET_NAME)";
			};
			name = Debug;
		};
		52DD7FA21B9DEA0D001257DD /* Release */ = {
			isa = XCBuildConfiguration;
			buildSettings = {
				ASSETCATALOG_COMPILER_APPICON_NAME = AppIcon;
				FRAMEWORK_SEARCH_PATHS = (
					"$(inherited)",
					"$(PROJECT_DIR)",
				);
				INFOPLIST_FILE = Intro_iOS_OpenCV/Info.plist;
				LD_RUNPATH_SEARCH_PATHS = "$(inherited) @executable_path/Frameworks";
				PRODUCT_NAME = "$(TARGET_NAME)";
			};
			name = Release;
		};
		52DD7FA41B9DEA0D001257DD /* Debug */ = {
			isa = XCBuildConfiguration;
			buildSettings = {
				BUNDLE_LOADER = "$(TEST_HOST)";
				FRAMEWORK_SEARCH_PATHS = (
					"$(SDKROOT)/Developer/Library/Frameworks",
					"$(inherited)",
				);
				GCC_PREPROCESSOR_DEFINITIONS = (
					"DEBUG=1",
					"$(inherited)",
				);
				INFOPLIST_FILE = Intro_iOS_OpenCVTests/Info.plist;
				LD_RUNPATH_SEARCH_PATHS = "$(inherited) @executable_path/Frameworks @loader_path/Frameworks";
				PRODUCT_NAME = "$(TARGET_NAME)";
				TEST_HOST = "$(BUILT_PRODUCTS_DIR)/Intro_iOS_OpenCV.app/Intro_iOS_OpenCV";
			};
			name = Debug;
		};
		52DD7FA51B9DEA0D001257DD /* Release */ = {
			isa = XCBuildConfiguration;
			buildSettings = {
				BUNDLE_LOADER = "$(TEST_HOST)";
				FRAMEWORK_SEARCH_PATHS = (
					"$(SDKROOT)/Developer/Library/Frameworks",
					"$(inherited)",
				);
				INFOPLIST_FILE = Intro_iOS_OpenCVTests/Info.plist;
				LD_RUNPATH_SEARCH_PATHS = "$(inherited) @executable_path/Frameworks @loader_path/Frameworks";
				PRODUCT_NAME = "$(TARGET_NAME)";
				TEST_HOST = "$(BUILT_PRODUCTS_DIR)/Intro_iOS_OpenCV.app/Intro_iOS_OpenCV";
			};
			name = Release;
		};
/* End XCBuildConfiguration section */

/* Begin XCConfigurationList section */
		52DD7F781B9DEA0D001257DD /* Build configuration list for PBXProject "Intro_iOS_OpenCV" */ = {
			isa = XCConfigurationList;
			buildConfigurations = (
				52DD7F9E1B9DEA0D001257DD /* Debug */,
				52DD7F9F1B9DEA0D001257DD /* Release */,
			);
			defaultConfigurationIsVisible = 0;
			defaultConfigurationName = Release;
		};
		52DD7FA01B9DEA0D001257DD /* Build configuration list for PBXNativeTarget "Intro_iOS_OpenCV" */ = {
			isa = XCConfigurationList;
			buildConfigurations = (
				52DD7FA11B9DEA0D001257DD /* Debug */,
				52DD7FA21B9DEA0D001257DD /* Release */,
			);
			defaultConfigurationIsVisible = 0;
		};
		52DD7FA31B9DEA0D001257DD /* Build configuration list for PBXNativeTarget "Intro_iOS_OpenCVTests" */ = {
			isa = XCConfigurationList;
			buildConfigurations = (
				52DD7FA41B9DEA0D001257DD /* Debug */,
				52DD7FA51B9DEA0D001257DD /* Release */,
			);
			defaultConfigurationIsVisible = 0;
		};
/* End XCConfigurationList section */
	};
	rootObject = 52DD7F751B9DEA0D001257DD /* Project object */;
}
